github.com/StackExchange/wmi v0.0.0-20190523213315-cbe66965904d/go.mod h1:3eOhrUMpNV+6aFIbp5/iudMxNCF27Vw2OZgy4xEx0Fg=
github.com/glendc/go-external-ip v0.0.0-20170425150139-139229dcdddd h1:1BzxHapafGJd/XlpMvocLeDBin2EKn90gXv2AQt5sfo=
github.com/glendc/go-external-ip v0.0.0-20170425150139-139229dcdddd/go.mod h1:o9OoDQyE1WHvYVUH1FdFapy1/rCZHHq3O5wS4VA83ig=
github.com/go-ole/go-ole v1.2.4/go.mod h1:XCwSNxSkXRo4vlyPy93sltvi/qJq0jqQhjqQNIwKuxM=
github.com/jsanc623/ServerStatusEmitter/collector v0.0.0-20191217230110-090f5213b010 h1:gdTIUU87zEPz0UlEIWQluInkKHF1MyplCgfDPZnT5/4=
github.com/jsanc623/ServerStatusEmitter/collector v0.0.0-20191217230110-090f5213b010/go.mod h1:Eg0/YzlvBRntqfGuAYqtb7tBJhEGXGULnHaJakK9cU8=
github.com/jsanc623/ServerStatusEmitter/config v0.0.0-20191217230110-090f5213b010 h1:4s+jFHegMrFSOSKdPKeLg+NqUzo/TEa/y1R63g55c/w=
github.com/jsanc623/ServerStatusEmitter/config v0.0.0-20191217230110-090f5213b010/go.mod h1:/G2MepjHGS3POZqVKBDqGXJFDbb9lrkBdNxWRIgc0po=
github.com/jsanc623/ServerStatusEmitter/error v0.0.0-20191217230110-090f5213b010 h1:ApPLcsyeVz5eMClX79K7bgd9E4bLPTTHjSi+gQ4DqC4=
github.com/jsanc623/ServerStatusEmitter/error v0.0.0-20191217230110-090f5213b010/go.mod h1:xCw8jCh6aUpratNRC/LAZIHBafU4gcnqON1EN4A28VE=
github.com/jsanc623/ServerStatusEmitter/helper v0.0.0-20191217230110-090f5213b010 h1:nkjkCqU7sF2HHN5YJ2D1syL9hkPOeREDkEfq6FFyl+c=
github.com/jsanc623/ServerStatusEmitter/helper v0.0.0-20191217230110-090f5213b010/go.mod h1:2muM1GtLvd/C9SPeUg2mQIQeN4/+vqDpANP2yE2qSF8=
github.com/jsanc623/ServerStatusEmitter/runner v0.0.0-20191217230110-090f5213b010 h1:r5/Q8ABbekOYriUiwPL+Jqr2p7S72YCD6N4VMRMbrL0=
github.com/jsanc623/ServerStatusEmitter/runner v0.0.0-20191217230110-090f5213b010/go.mod h1:cS07Jz9CSeJ1OT+L9WMHvuCW0xwNx8RshpL2GBDwhNw=
github.com/shirou/gopsutil v2.19.11+incompatible h1:lJHR0foqAjI4exXqWsU3DbH7bX1xvdhGdnXTIARA9W4=
github.com/shirou/gopsutil v2.19.11+incompatible/go.mod h1:5b4v6he4MtMOwMlS0TUMTu2PcXUg8+E1lC7eC3UO/RA=
github.com/shirou/w32 v0.0.0-20160930032740-bb4de0191aa4/go.mod h1:qsXQc7+bwAM3Q1u/4XEfrquwF8Lw7D7y5cD8CuHnfIc=
golang.org/x/sys v0.0.0-20191210023423-ac6580df4449 h1:gSbV7h1NRL2G1xTg/owz62CST1oJBmxy4QpMMregXVQ=
golang.org/x/sys v0.0.0-20191210023423-ac6580df4449/go.mod h1:h1NjWce9XRLGQEsW7wpKNCjG9DtNlClVuFLEZdDNbEs=
